{
  "pins" : [
    {
      "identity" : "sfsymbols",
      "kind" : "remoteSourceControl",
      "location" : "https://github.com/Rspoon3/SFSymbols.git",
      "state" : {
        "revision" : "d3b0fc32d67cadb87f38d3834f51eff89f733e35",
        "version" : "2.4.0"
      }
    }
  ],
  "version" : 2
}
