{
  "object": {
    "pins": [
      {
        "package": "SFSymbols",
        "repositoryURL": "https://github.com/Rspoon3/SFSymbols.git",
        "state": {
          "branch": "release-1.1.0",
          "revision": "4decd9842c4a0066532a292b24e0d05e2e7971b3",
          "version": null
        }
      }
    ]
  },
  "version": 1
}
